<Project xmlns="http://schemas.microsoft.com/developer/msbuild/2003">
    <PropertyGroup>
        <ProjectGuid>{4605ECDE-EC4C-4939-876E-5D5A4A731127}</ProjectGuid>
        <MainSource>BoldAdditional.dpk</MainSource>
        <ProjectVersion>19.2</ProjectVersion>
        <FrameworkType>None</FrameworkType>
        <Base>True</Base>
        <Config Condition="'$(Config)'==''">Debug</Config>
        <Platform Condition="'$(Platform)'==''">Win32</Platform>
        <TargetedPlatforms>3</TargetedPlatforms>
        <AppType>Package</AppType>
    </PropertyGroup>
    <PropertyGroup Condition="'$(Config)'=='Base' or '$(Base)'!=''">
        <Base>true</Base>
    </PropertyGroup>
    <PropertyGroup Condition="('$(Platform)'=='Win32' and '$(Base)'=='true') or '$(Base_Win32)'!=''">
        <Base_Win32>true</Base_Win32>
        <CfgParent>Base</CfgParent>
        <Base>true</Base>
    </PropertyGroup>
    <PropertyGroup Condition="('$(Platform)'=='Win64' and '$(Base)'=='true') or '$(Base_Win64)'!=''">
        <Base_Win64>true</Base_Win64>
        <CfgParent>Base</CfgParent>
        <Base>true</Base>
    </PropertyGroup>
    <PropertyGroup Condition="'$(Config)'=='Debug' or '$(Cfg_1)'!=''">
        <Cfg_1>true</Cfg_1>
        <CfgParent>Base</CfgParent>
        <Base>true</Base>
    </PropertyGroup>
    <PropertyGroup Condition="('$(Platform)'=='Win32' and '$(Cfg_1)'=='true') or '$(Cfg_1_Win32)'!=''">
        <Cfg_1_Win32>true</Cfg_1_Win32>
        <CfgParent>Cfg_1</CfgParent>
        <Cfg_1>true</Cfg_1>
        <Base>true</Base>
    </PropertyGroup>
    <PropertyGroup Condition="('$(Platform)'=='Win64' and '$(Cfg_1)'=='true') or '$(Cfg_1_Win64)'!=''">
        <Cfg_1_Win64>true</Cfg_1_Win64>
        <CfgParent>Cfg_1</CfgParent>
        <Cfg_1>true</Cfg_1>
        <Base>true</Base>
    </PropertyGroup>
    <PropertyGroup Condition="'$(Config)'=='Release' or '$(Cfg_2)'!=''">
        <Cfg_2>true</Cfg_2>
        <CfgParent>Base</CfgParent>
        <Base>true</Base>
    </PropertyGroup>
    <PropertyGroup Condition="'$(Base)'!=''">
        <DCC_DcuOutput>.\$(Platform)\$(Config)</DCC_DcuOutput>
        <DCC_ExeOutput>.\$(Platform)\$(Config)</DCC_ExeOutput>
        <DCC_E>false</DCC_E>
        <DCC_N>false</DCC_N>
        <DCC_S>false</DCC_S>
        <DCC_F>false</DCC_F>
        <DCC_K>false</DCC_K>
        <GenDll>true</GenDll>
        <GenPackage>true</GenPackage>
        <DCC_Namespace>System.Win;Data.Win;Datasnap.Win;Web.Win;Soap.Win;Xml.Win;Bde;Vcl;Vcl.Imaging;Vcl.Touch;Vcl.Samples;Vcl.Shell;System;Xml;Data;Datasnap;Web;Soap;Winapi;$(DCC_Namespace)</DCC_Namespace>
        <DCC_CBuilderOutput>All</DCC_CBuilderOutput>
        <SanitizedProjectName>BoldAdditional</SanitizedProjectName>
        <DCC_OutputNeverBuildDcps>true</DCC_OutputNeverBuildDcps>
        <DCC_UnitSearchPath>$(BoldDelphi)\Source\Common\Include;$(DCC_UnitSearchPath)</DCC_UnitSearchPath>
        <VerInfo_Locale>2077</VerInfo_Locale>
        <VerInfo_Keys>CompanyName=;FileDescription=$(MSBuildProjectName);FileVersion=1.0.0.0;InternalName=;LegalCopyright=;LegalTrademarks=;OriginalFilename=;ProgramID=com.embarcadero.$(MSBuildProjectName);ProductName=$(MSBuildProjectName);ProductVersion=1.0.0.0;Comments=</VerInfo_Keys>
        <RuntimeOnlyPackage>true</RuntimeOnlyPackage>
    </PropertyGroup>
    <PropertyGroup Condition="'$(Base_Win32)'!=''">
        <BT_BuildType>Debug</BT_BuildType>
        <VerInfo_IncludeVerInfo>true</VerInfo_IncludeVerInfo>
        <VerInfo_Locale>1033</VerInfo_Locale>
    </PropertyGroup>
    <PropertyGroup Condition="'$(Base_Win64)'!=''">
        <BT_BuildType>Debug</BT_BuildType>
        <VerInfo_IncludeVerInfo>true</VerInfo_IncludeVerInfo>
        <VerInfo_Locale>1033</VerInfo_Locale>
    </PropertyGroup>
    <PropertyGroup Condition="'$(Cfg_1)'!=''">
        <DCC_Define>DEBUG;$(DCC_Define)</DCC_Define>
        <DCC_DebugDCUs>true</DCC_DebugDCUs>
        <DCC_Optimize>false</DCC_Optimize>
        <DCC_GenerateStackFrames>true</DCC_GenerateStackFrames>
        <DCC_DebugInfoInExe>true</DCC_DebugInfoInExe>
        <DCC_RemoteDebug>true</DCC_RemoteDebug>
        <DCC_Description>Bold Runtime Package</DCC_Description>
        <DllVersion>27</DllVersion>
    </PropertyGroup>
    <PropertyGroup Condition="'$(Cfg_1_Win32)'!=''">
        <DCC_RemoteDebug>false</DCC_RemoteDebug>
        <VerInfo_IncludeVerInfo>true</VerInfo_IncludeVerInfo>
        <VerInfo_Locale>1033</VerInfo_Locale>
        <DCC_Description>Bold for Delphi - Additional</DCC_Description>
    </PropertyGroup>
    <PropertyGroup Condition="'$(Cfg_1_Win64)'!=''">
        <VerInfo_IncludeVerInfo>true</VerInfo_IncludeVerInfo>
        <VerInfo_Locale>1033</VerInfo_Locale>
    </PropertyGroup>
    <PropertyGroup Condition="'$(Cfg_2)'!=''">
        <DCC_LocalDebugSymbols>false</DCC_LocalDebugSymbols>
        <DCC_Define>RELEASE;$(DCC_Define)</DCC_Define>
        <DCC_SymbolReferenceInfo>0</DCC_SymbolReferenceInfo>
        <DCC_DebugInformation>0</DCC_DebugInformation>
    </PropertyGroup>
    <ItemGroup>
        <DelphiCompile Include="$(MainSource)">
            <MainSource>MainSource</MainSource>
        </DelphiCompile>
        <DCCReference Include="vcl.dcp"/>
        <DCCReference Include="vcldb.dcp"/>
        <DCCReference Include="vclx.dcp"/>
        <DCCReference Include="FireDac.dcp"/>
        <DCCReference Include="FireDACCommonDriver.dcp"/>
        <DCCReference Include="FireDACCommon.dcp"/>
        <DCCReference Include="FireDACPgDriver.dcp"/>
        <DCCReference Include="IndySystem.dcp"/>
        <DCCReference Include="IndyCore.dcp"/>
        <DCCReference Include="BoldCore.dcp"/>
        <DCCReference Include="Source\Persistence\COM\BoldAbstractComClientPersistenceHandles.pas"/>
        <DCCReference Include="Source\Persistence\COM\BoldAbstractComPersistenceControllerProxy.pas"/>
        <DCCReference Include="Source\BoldAwareGUI\Actions\BoldAction.pas"/>
        <DCCReference Include="Source\BoldAwareGUI\FormGen\BoldAFP.pas"/>
        <DCCReference Include="Source\BoldAwareGUI\FormGen\BoldAFPDefault.pas"/>
        <DCCReference Include="Source\BoldAwareGUI\FormGen\BoldAFPPluggable.pas"/>
        <DCCReference Include="Source\BoldAwareGUI\FormGen\BoldAFPUser.pas"/>
        <DCCReference Include="Source\Common\COM\BoldApartmentThread.pas"/>
        <DCCReference Include="Source\BoldAwareGUI\BoldControls\BoldCaptionController.pas"/>
        <DCCReference Include="Source\BoldAwareGUI\BoldControls\BoldCheckBox.pas"/>
        <DCCReference Include="Source\BoldAwareGUI\ControlPacks\BoldCheckboxStateControlPack.pas"/>
        <DCCReference Include="Source\Samples\BoldCheckListBox\BoldCheckListBox.pas"/>
        <DCCReference Include="Source\Common\COM\BoldComAdapter.pas"/>
        <DCCReference Include="Source\BoldAwareGUI\BoldControls\BoldComboBox.pas"/>
        <DCCReference Include="Source\Common\ConnectionCOM\BoldComClient.pas"/>
        <DCCReference Include="Source\Handles\COM\BoldComClientElementHandles.pas"/>
        <DCCReference Include="Source\Common\ConnectionHandlesCOM\BoldComClientHandles.pas"/>
        <DCCReference Include="Source\Common\ConnectionCOM\BoldComConnection.pas"/>
        <DCCReference Include="Source\Common\COM\BoldComConst.pas"/>
        <DCCReference Include="Source\Common\COM\BoldComEventQueue.pas"/>
        <DCCReference Include="Source\Common\COM\BoldComObj.pas"/>
        <DCCReference Include="Source\ObjectSpace\COM\BoldComObjectSpace.pas"/>
        <DCCReference Include="Source\ObjectSpace\COM\BoldComObjectSpace_TLB.pas"/>
        <DCCReference Include="Source\ObjectSpace\COM\BoldComObjectSpaceAdapters.pas"/>
        <DCCReference Include="Source\ObjectSpace\COM\BoldComponentValidatorCom.pas"/>
        <DCCReference Include="Source\Common\ConnectionCOM\BoldComServer.pas"/>
        <DCCReference Include="Source\Handles\COM\BoldComServerElementHandleFactory.pas"/>
        <DCCReference Include="Source\Handles\COM\BoldComServerElementHandles.pas"/>
        <DCCReference Include="Source\Common\ConnectionHandlesCOM\BoldComServerHandles.pas"/>
        <DCCReference Include="Source\Common\COM\BoldComThreads.pas"/>
        <DCCReference Include="Source\Common\COM\BoldComUtils.pas"/>
        <DCCReference Include="Source\Samples\ConstraintValidator\BoldConstraintValidator.pas"/>
        <DCCReference Include="Source\BoldAwareGUI\ControlPacks\BoldControllerListControlPack.pas"/>
        <DCCReference Include="Source\BoldAwareGUI\ControlPacks\BoldControlPack.pas"/>
        <DCCReference Include="Source\Samples\BoldCheckListBox\BoldCustomCheckListBox.pas"/>
        <DCCReference Include="Source\Persistence\FireDAC\BoldDatabaseAdapterFireDAC.pas"/>
        <DCCReference Include="Source\BoldAwareGUI\ControlPacks\BoldDateTimeControlPack.pas"/>
        <DCCReference Include="Source\UMLModel\Plugins\BoldDbPlugins.pas"/>
        <DCCReference Include="Source\Samples\Actions\BoldDebugActions.pas"/>
        <DCCReference Include="Source\UMLModel\Editor\BoldDerivationExpressionsEditor.pas"/>
        <DCCReference Include="Source\BoldAwareGUI\BoldControls\BoldDragDropTarget.pas"/>
        <DCCReference Include="Source\UMLModel\Editor\BoldDragObject.pas"/>
        <DCCReference Include="Source\BoldAwareGUI\BoldControls\BoldEdit.pas"/>
        <DCCReference Include="Source\Samples\Actions\BoldEditOCLAction.pas"/>
        <DCCReference Include="Source\BoldAwareGUI\ControlPacks\BoldElementHandleFollower.pas"/>
        <DCCReference Include="Source\Common\Environment\BoldEnvironmentIDE.pas"/>
        <DCCReference Include="Source\BoldAwareGUI\Core\BoldExceptionHandlers.pas"/>
        <DCCReference Include="Source\Persistence\FireDAC\BoldFireDACConsts.pas"/>
        <DCCReference Include="Source\Persistence\FireDAC\BoldFireDACInterfaces.pas"/>
        <DCCReference Include="Source\BoldAwareGUI\ControlPacks\BoldFloatControlPack.pas"/>
        <DCCReference Include="Source\Samples\FormSaver\BoldFormSaver.pas"/>
        <DCCReference Include="Source\Samples\FormSaver\BoldFormSaverActions.pas"/>
        <DCCReference Include="Source\MoldModel\CodeGenerator\BoldGen.pas"/>
        <DCCReference Include="Source\MoldModel\CodeGenerator\BoldGeneratorTemplates.pas"/>
        <DCCReference Include="Source\MoldModel\CodeGenerator\BoldGeneratorTemplatesCPP.pas"/>
        <DCCReference Include="Source\MoldModel\CodeGenerator\BoldGeneratorTemplatesDelphi.pas"/>
        <DCCReference Include="Source\BoldAwareGUI\ControlPacks\BoldGenericListControlPack.pas"/>
        <DCCReference Include="Source\BoldAwareGUI\BoldControls\BoldGrid.pas"/>
        <DCCReference Include="Source\BoldAwareGUI\BoldControls\BoldGridRTColEditor.pas"/>
        <DCCReference Include="Source\BoldAwareGUI\Core\BoldGUI.pas"/>
        <DCCReference Include="Source\BoldAwareGUI\Core\BoldGuiResourceStrings.pas"/>
        <DCCReference Include="Source\Persistence\HTTP\BoldHTTPClientPersistenceHandle.pas"/>
        <DCCReference Include="Source\Persistence\HTTP\BoldHTTPPersistenceControllerClient.pas"/>
        <DCCReference Include="Source\Persistence\HTTP\BoldHTTPServerPersistenceHandlePassthrough.pas"/>
        <DCCReference Include="Source\BoldAwareGUI\BoldControls\BoldImage.pas"/>
        <DCCReference Include="Source\BoldAwareGUI\BoldControls\BoldImageBitmap.pas"/>
        <DCCReference Include="Source\BoldAwareGUI\BoldControls\BoldImageJPEG.pas"/>
        <DCCReference Include="Source\BoldAwareGUI\BoldControls\BoldLabel.pas"/>
        <DCCReference Include="Source\BoldAwareGUI\BoldControls\BoldListBox.pas"/>
        <DCCReference Include="Source\BoldAwareGUI\ControlPacks\BoldListControlPack.pas"/>
        <DCCReference Include="Source\BoldAwareGUI\ControlPacks\BoldListHandleFollower.pas"/>
        <DCCReference Include="Source\BoldAwareGUI\ControlPacks\BoldListListControlPack.pas"/>
        <DCCReference Include="Source\ConcurrencyControl\COM\BoldLockManagerAdminHandleCom.pas"/>
        <DCCReference Include="Source\ConcurrencyControl\COM\BoldLockManagerHandleCom.pas"/>
        <DCCReference Include="Source\Samples\Misc\BoldLockUtils.pas"/>
        <DCCReference Include="Source\BoldAwareGUI\BoldControls\BoldMemo.pas"/>
        <DCCReference Include="Source\BoldAwareGUI\ControlPacks\BoldMLRenderers.pas"/>
        <DCCReference Include="Source\UMLModel\Handles\BoldModel.pas"/>
        <DCCReference Include="Source\Samples\ModelLoader\BoldModelLoader.pas"/>
        <DCCReference Include="Source\UMLModel\Plugins\BoldModelOCLValidatorPlugIn.pas"/>
        <DCCReference Include="Source\BoldAwareGUI\BoldControls\BoldNavigator.pas"/>
        <DCCReference Include="Source\Samples\NewObjectInterceptor\BoldNewObjectInterceptor.pas"/>
        <DCCReference Include="Source\BoldAwareGUI\ControlPacks\BoldNodeControlPack.pas"/>
        <DCCReference Include="Source\BoldAwareGUI\ControlPacks\BoldNumericControlPack.pas"/>
        <DCCReference Include="Source\Samples\Misc\BoldObjectRetriever.pas"/>
        <DCCReference Include="Source\BoldAwareGUI\BoldControls\BoldPageControl.pas"/>
        <DCCReference Include="Source\Persistence\SOAP\BoldPersistenceControllerSOAPAdapterCore.pas"/>
        <DCCReference Include="Source\Persistence\SOAP\BoldPersistenceOperationXMLStreaming.pas"/>
        <DCCReference Include="Source\BoldAwareGUI\BoldControls\BoldProgressBar.pas"/>
        <DCCReference Include="Source\Propagator\COM\BoldPropagatorHandleCOM.pas"/>
        <DCCReference Include="Source\Persistence\Propagation\BoldPropagatorUtils.pas"/>
        <DCCReference Include="Source\BoldAwareGUI\BoldControls\BoldPropertiesController.pas"/>
        <DCCReference Include="Source\BoldAwareGUI\BoldControls\BoldRichEdit.pas"/>
        <DCCReference Include="Source\Common\Rose2000\BoldRose2000Support.pas"/>
        <DCCReference Include="Source\UMLModel\ModelLinks\Rose98\BoldRose98ptyCreator.pas"/>
        <DCCReference Include="Source\Common\Rose98\BoldRose98Support.pas"/>
        <DCCReference Include="Source\UMLModel\ModelLinks\Rose98\BoldRose98TaggedValues.pas"/>
        <DCCReference Include="Source\Samples\BoldCheckListBox\BoldSelectionListBox.pas"/>
        <DCCReference Include="Source\Persistence\SOAP\BoldSOAPClientPersistenceHandles.pas"/>
        <DCCReference Include="Source\Persistence\SOAP\BoldSOAPPersistenceControllerProxy.pas"/>
        <DCCReference Include="Source\Persistence\SOAP\BoldSOAPPersistenceControllerStub.pas"/>
        <DCCReference Include="Source\Persistence\SOAP\BoldSOAPServerPersistenceHandles.pas"/>
        <DCCReference Include="Source\BoldAwareGUI\ControlPacks\BoldStringControlPack.pas"/>
        <DCCReference Include="Source\BoldAwareGUI\BoldControls\BoldStringsPropertyController.pas"/>
        <DCCReference Include="Source\Samples\SystemComparer\BoldSystemComparer.pas"/>
        <DCCReference Include="Source\Samples\SystemDebugger\BoldSystemDebuggerForm.pas"/>
        <DCCReference Include="Source\Common\COM\BoldThreadedComObjectFactory.pas"/>
        <DCCReference Include="Source\BoldAwareGUI\BoldControls\BoldTrackBar.pas"/>
        <DCCReference Include="Source\BoldAwareGUI\BoldControls\BoldTreeView.pas"/>
        <DCCReference Include="Source\BoldAwareGUI\BoldControls\BoldTreeViewConfig.pas"/>
        <DCCReference Include="Source\UMLModel\Core\BoldUMLAbstractModelValidator.pas"/>
        <DCCReference Include="Source\UMLModel\Editor\BoldUMLAddTV.pas"/>
        <DCCReference Include="Source\UMLModel\Core\BoldUMLAttributes.pas"/>
        <DCCReference Include="Source\UMLModel\ModelLinks\Bld\BoldUMLBldLink.pas"/>
        <DCCReference Include="Source\UMLModel\Editor\BoldUMLConstraintEditor.pas"/>
        <DCCReference Include="Source\UMLModel\Core\BoldUMLModel.pas"/>
        <DCCReference Include="Source\UMLModel\Core\BoldUMLModelConverter.pas"/>
        <DCCReference Include="Source\UMLModel\Core\BoldUMLModelDataModule.pas"/>
        <DCCReference Include="Source\UMLModel\Editor\BoldUMLModelEdit.pas"/>
        <DCCReference Include="Source\UMLModel\Editor\BoldUMLModelEditForm.pas"/>
        <DCCReference Include="Source\UMLModel\Plugins\BoldUMLModelEditPlugIn.pas"/>
        <DCCReference Include="Source\UMLModel\ModelLinks\Core\BoldUMLModelLink.pas"/>
        <DCCReference Include="Source\UMLModel\ModelLinks\Core\BoldUMLModelLinkSupport.pas"/>
        <DCCReference Include="Source\UMLModel\Handles\BoldUMLModelStreamer.pas"/>
        <DCCReference Include="Source\UMLModel\Core\BoldUMLModelSupport.pas"/>
        <DCCReference Include="Source\UMLModel\Plugins\BoldUMLModelToEcoIIIGenerator.pas"/>
        <DCCReference Include="Source\UMLModel\Core\BoldUMLModelUpdater.pas"/>
        <DCCReference Include="Source\UMLModel\Editor\BoldUMLModelValidationForm.pas"/>
        <DCCReference Include="Source\UMLModel\Core\BoldUMLModelValidator.pas"/>
        <DCCReference Include="Source\Samples\UMLPlugins\BoldUMLNameTrimmer.pas"/>
        <DCCReference Include="Source\UMLModel\Editor\BoldUMLOCLEditor.pas"/>
        <DCCReference Include="Source\UMLModel\Core\BoldUMLOCLValidator.pas"/>
        <DCCReference Include="Source\UMLModel\Plugins\BoldUMLPluginCallBacks.pas"/>
        <DCCReference Include="Source\UMLModel\Plugins\BoldUMLPlugins.pas"/>
        <DCCReference Include="Source\UMLModel\ModelLinks\Rose98\BoldUMLRose98Link.pas"/>
        <DCCReference Include="Source\UMLModel\ModelLinks\Rose98\BoldUMLRose98MappingUtils.pas"/>
        <DCCReference Include="Source\UMLModel\ModelLinks\Rose98\BoldUMLRose98Support.pas"/>
        <DCCReference Include="Source\UMLModel\Editor\BoldUMLTaggedValuesEditor.pas"/>
        <DCCReference Include="Source\UMLModel\Editor\BoldUMLUsesEditorForm.pas"/>
        <DCCReference Include="Source\UMLModel\Core\BoldUMLUtils.pas"/>
        <DCCReference Include="Source\BoldAwareGUI\ControlPacks\BoldVariantControlPack.pas"/>
        <DCCReference Include="Source\BoldAwareGUI\ControlPacks\BoldViewerControlPack.pas"/>
        <DCCReference Include="Source\Common\HTTP\BoldWebConnection.pas"/>
        <DCCReference Include="Source\BoldAwareGUI\BoldControls\BoldXCVTreeView.pas"/>
        <DCCReference Include="Source\Common\ConnectionHandlesCOM\BoldXMLDispatcher.pas"/>
        <DCCReference Include="Source\Common\ConnectionHandlesCOM\BoldXMLDispatcherVB.pas"/>
        <DCCReference Include="Source\Common\Rose2000\RationalRose2000_TLB.pas"/>
        <DCCReference Include="Source\Common\Rose98\RationalRose98_TLB.pas"/>
        <DCCReference Include="Source\UMLModel\Core\UMLConsts.pas"/>
        <DCCReference Include="Source\Persistence\ExternalPersistence\BoldAbstractExternalPersistenceController.pas"/>
        <DCCReference Include="Source\Persistence\ExternalPersistence\BoldAbstractExternalPersistenceHandle.pas"/>
        <DCCReference Include="Source\Persistence\ExternalPersistence\BoldAbstractPartiallyExternalPC.pas"/>
        <DCCReference Include="Source\Persistence\ExternalPersistence\BoldAbstractPartiallyExternalPH.pas"/>
        <DCCReference Include="Source\Persistence\ExternalPersistence\BoldExternalPersistenceConfigItemDataSet.pas"/>
        <DCCReference Include="Source\Persistence\ExternalPersistence\BoldExternalPersistenceControllerConfig.pas"/>
        <DCCReference Include="Source\Persistence\ExternalPersistence\BoldExternalPersistenceControllerDataSet.pas"/>
        <DCCReference Include="Source\Persistence\ExternalPersistence\BoldExternalPersistenceControllerEventDriven.pas"/>
        <DCCReference Include="Source\Persistence\ExternalPersistence\BoldExternalPersistenceControllerSQL.pas"/>
        <DCCReference Include="Source\Persistence\ExternalPersistence\BoldExternalPersistenceHandleDataSet.pas"/>
        <DCCReference Include="Source\Persistence\ExternalPersistence\BoldExternalPersistenceHandleEventDriven.pas"/>
        <DCCReference Include="Source\Persistence\ExternalPersistence\BoldExternalPersistenceHandleSQL.pas"/>
        <DCCReference Include="Source\Persistence\ExternalPersistence\BoldExternalPersistenceHandleSQLPropEditor.pas"/>
        <DCCReference Include="Source\Persistence\ExternalPersistence\BoldExternalPersistenceSupport.pas"/>
        <DCCReference Include="Source\Persistence\ExternalPersistence\ExPeConsts.pas"/>
        <BuildConfiguration Include="Release">
            <Key>Cfg_2</Key>
            <CfgParent>Base</CfgParent>
        </BuildConfiguration>
        <BuildConfiguration Include="Base">
            <Key>Base</Key>
        </BuildConfiguration>
        <BuildConfiguration Include="Debug">
            <Key>Cfg_1</Key>
            <CfgParent>Base</CfgParent>
        </BuildConfiguration>
    </ItemGroup>
    <ProjectExtensions>
        <Borland.Personality>Delphi.Personality.12</Borland.Personality>
        <Borland.ProjectType>Package</Borland.ProjectType>
        <BorlandProject>
            <Delphi.Personality>
                <Source>
                    <Source Name="MainSource">BoldAdditional.dpk</Source>
                </Source>
                <Excluded_Packages>
                    <Excluded_Packages Name="C:\Users\Public\Documents\Embarcadero\Studio\21.0\Bpl\BoldCore.27.bpl">Bold For Delphi - Core</Excluded_Packages>
                    <Excluded_Packages Name="C:\Attracs\Bin\BPL\AttracsComponentsXE10Sydney.bpl">Attracs Components for Delphi 10.4 Sydney</Excluded_Packages>
                    <Excluded_Packages Name="$(BDSBIN)\dcloffice2k270.bpl">Microsoft Office 2000 Sample Automation Server Wrapper Components</Excluded_Packages>
                    <Excluded_Packages Name="$(BDSBIN)\dclofficexp270.bpl">Microsoft Office XP Sample Automation Server Wrapper Components</Excluded_Packages>
                </Excluded_Packages>
            </Delphi.Personality>
            <Deployment Version="3">
                <DeployFile LocalName="$(BDS)\Redist\osx32\libcgunwind.1.0.dylib" Class="DependencyModule">
                    <Platform Name="OSX32">
                        <Overwrite>true</Overwrite>
                    </Platform>
                </DeployFile>
                <DeployFile LocalName="$(BDS)\Redist\iossimulator\libcgunwind.1.0.dylib" Class="DependencyModule">
                    <Platform Name="iOSSimulator">
                        <Overwrite>true</Overwrite>
                    </Platform>
                </DeployFile>
                <DeployFile LocalName="$(BDS)\Redist\iossimulator\libpcre.dylib" Class="DependencyModule">
                    <Platform Name="iOSSimulator">
                        <Overwrite>true</Overwrite>
                    </Platform>
                </DeployFile>
                <DeployFile LocalName="C:\Users\Public\Documents\Embarcadero\Studio\21.0\Bpl\BoldAdditional.27.bpl" Configuration="Debug" Class="ProjectOutput">
                    <Platform Name="Win32">
                        <RemoteName>BoldAdditional.bpl</RemoteName>
                        <Overwrite>true</Overwrite>
                    </Platform>
                </DeployFile>
                <DeployClass Name="AdditionalDebugSymbols">
                    <Platform Name="OSX32">
                        <Operation>1</Operation>
                    </Platform>
                    <Platform Name="Win32">
                        <Operation>0</Operation>
                    </Platform>
                </DeployClass>
                <DeployClass Name="AndroidClassesDexFile">
                    <Platform Name="Android">
                        <RemoteDir>classes</RemoteDir>
                        <Operation>1</Operation>
                    </Platform>
                    <Platform Name="Android64">
                        <RemoteDir>classes</RemoteDir>
                        <Operation>1</Operation>
                    </Platform>
                </DeployClass>
                <DeployClass Name="AndroidFileProvider">
                    <Platform Name="Android">
                        <RemoteDir>res\xml</RemoteDir>
                        <Operation>1</Operation>
                    </Platform>
                    <Platform Name="Android64">
                        <RemoteDir>res\xml</RemoteDir>
                        <Operation>1</Operation>
                    </Platform>
                </DeployClass>
                <DeployClass Name="AndroidGDBServer">
                    <Platform Name="Android">
                        <RemoteDir>library\lib\armeabi-v7a</RemoteDir>
                        <Operation>1</Operation>
                    </Platform>
                </DeployClass>
                <DeployClass Name="AndroidLibnativeArmeabiFile">
                    <Platform Name="Android">
                        <RemoteDir>library\lib\armeabi</RemoteDir>
                        <Operation>1</Operation>
                    </Platform>
                    <Platform Name="Android64">
                        <RemoteDir>library\lib\armeabi</RemoteDir>
                        <Operation>1</Operation>
                    </Platform>
                </DeployClass>
                <DeployClass Name="AndroidLibnativeArmeabiv7aFile">
                    <Platform Name="Android64">
                        <RemoteDir>library\lib\armeabi-v7a</RemoteDir>
                        <Operation>1</Operation>
                    </Platform>
                </DeployClass>
                <DeployClass Name="AndroidLibnativeMipsFile">
                    <Platform Name="Android">
                        <RemoteDir>library\lib\mips</RemoteDir>
                        <Operation>1</Operation>
                    </Platform>
                    <Platform Name="Android64">
                        <RemoteDir>library\lib\mips</RemoteDir>
                        <Operation>1</Operation>
                    </Platform>
                </DeployClass>
                <DeployClass Name="AndroidServiceOutput">
                    <Platform Name="Android">
                        <RemoteDir>library\lib\armeabi-v7a</RemoteDir>
                        <Operation>1</Operation>
                    </Platform>
                    <Platform Name="Android64">
                        <RemoteDir>library\lib\arm64-v8a</RemoteDir>
                        <Operation>1</Operation>
                    </Platform>
                </DeployClass>
                <DeployClass Name="AndroidServiceOutput_Android32">
                    <Platform Name="Android64">
                        <RemoteDir>library\lib\armeabi-v7a</RemoteDir>
                        <Operation>1</Operation>
                    </Platform>
                </DeployClass>
                <DeployClass Name="AndroidSplashImageDef">
                    <Platform Name="Android">
                        <RemoteDir>res\drawable</RemoteDir>
                        <Operation>1</Operation>
                    </Platform>
                    <Platform Name="Android64">
                        <RemoteDir>res\drawable</RemoteDir>
                        <Operation>1</Operation>
                    </Platform>
                </DeployClass>
                <DeployClass Name="AndroidSplashStyles">
                    <Platform Name="Android">
                        <RemoteDir>res\values</RemoteDir>
                        <Operation>1</Operation>
                    </Platform>
                    <Platform Name="Android64">
                        <RemoteDir>res\values</RemoteDir>
                        <Operation>1</Operation>
                    </Platform>
                </DeployClass>
                <DeployClass Name="AndroidSplashStylesV21">
                    <Platform Name="Android">
                        <RemoteDir>res\values-v21</RemoteDir>
                        <Operation>1</Operation>
                    </Platform>
                    <Platform Name="Android64">
                        <RemoteDir>res\values-v21</RemoteDir>
                        <Operation>1</Operation>
                    </Platform>
                </DeployClass>
                <DeployClass Name="Android_Colors">
                    <Platform Name="Android">
                        <RemoteDir>res\values</RemoteDir>
                        <Operation>1</Operation>
                    </Platform>
                    <Platform Name="Android64">
                        <RemoteDir>res\values</RemoteDir>
                        <Operation>1</Operation>
                    </Platform>
                </DeployClass>
                <DeployClass Name="Android_DefaultAppIcon">
                    <Platform Name="Android">
                        <RemoteDir>res\drawable</RemoteDir>
                        <Operation>1</Operation>
                    </Platform>
                    <Platform Name="Android64">
                        <RemoteDir>res\drawable</RemoteDir>
                        <Operation>1</Operation>
                    </Platform>
                </DeployClass>
                <DeployClass Name="Android_LauncherIcon144">
                    <Platform Name="Android">
                        <RemoteDir>res\drawable-xxhdpi</RemoteDir>
                        <Operation>1</Operation>
                    </Platform>
                    <Platform Name="Android64">
                        <RemoteDir>res\drawable-xxhdpi</RemoteDir>
                        <Operation>1</Operation>
                    </Platform>
                </DeployClass>
                <DeployClass Name="Android_LauncherIcon192">
                    <Platform Name="Android">
                        <RemoteDir>res\drawable-xxxhdpi</RemoteDir>
                        <Operation>1</Operation>
                    </Platform>
                    <Platform Name="Android64">
                        <RemoteDir>res\drawable-xxxhdpi</RemoteDir>
                        <Operation>1</Operation>
                    </Platform>
                </DeployClass>
                <DeployClass Name="Android_LauncherIcon36">
                    <Platform Name="Android">
                        <RemoteDir>res\drawable-ldpi</RemoteDir>
                        <Operation>1</Operation>
                    </Platform>
                    <Platform Name="Android64">
                        <RemoteDir>res\drawable-ldpi</RemoteDir>
                        <Operation>1</Operation>
                    </Platform>
                </DeployClass>
                <DeployClass Name="Android_LauncherIcon48">
                    <Platform Name="Android">
                        <RemoteDir>res\drawable-mdpi</RemoteDir>
                        <Operation>1</Operation>
                    </Platform>
                    <Platform Name="Android64">
                        <RemoteDir>res\drawable-mdpi</RemoteDir>
                        <Operation>1</Operation>
                    </Platform>
                </DeployClass>
                <DeployClass Name="Android_LauncherIcon72">
                    <Platform Name="Android">
                        <RemoteDir>res\drawable-hdpi</RemoteDir>
                        <Operation>1</Operation>
                    </Platform>
                    <Platform Name="Android64">
                        <RemoteDir>res\drawable-hdpi</RemoteDir>
                        <Operation>1</Operation>
                    </Platform>
                </DeployClass>
                <DeployClass Name="Android_LauncherIcon96">
                    <Platform Name="Android">
                        <RemoteDir>res\drawable-xhdpi</RemoteDir>
                        <Operation>1</Operation>
                    </Platform>
                    <Platform Name="Android64">
                        <RemoteDir>res\drawable-xhdpi</RemoteDir>
                        <Operation>1</Operation>
                    </Platform>
                </DeployClass>
                <DeployClass Name="Android_NotificationIcon24">
                    <Platform Name="Android">
                        <RemoteDir>res\drawable-mdpi</RemoteDir>
                        <Operation>1</Operation>
                    </Platform>
                    <Platform Name="Android64">
                        <RemoteDir>res\drawable-mdpi</RemoteDir>
                        <Operation>1</Operation>
                    </Platform>
                </DeployClass>
                <DeployClass Name="Android_NotificationIcon36">
                    <Platform Name="Android">
                        <RemoteDir>res\drawable-hdpi</RemoteDir>
                        <Operation>1</Operation>
                    </Platform>
                    <Platform Name="Android64">
                        <RemoteDir>res\drawable-hdpi</RemoteDir>
                        <Operation>1</Operation>
                    </Platform>
                </DeployClass>
                <DeployClass Name="Android_NotificationIcon48">
                    <Platform Name="Android">
                        <RemoteDir>res\drawable-xhdpi</RemoteDir>
                        <Operation>1</Operation>
                    </Platform>
                    <Platform Name="Android64">
                        <RemoteDir>res\drawable-xhdpi</RemoteDir>
                        <Operation>1</Operation>
                    </Platform>
                </DeployClass>
                <DeployClass Name="Android_NotificationIcon72">
                    <Platform Name="Android">
                        <RemoteDir>res\drawable-xxhdpi</RemoteDir>
                        <Operation>1</Operation>
                    </Platform>
                    <Platform Name="Android64">
                        <RemoteDir>res\drawable-xxhdpi</RemoteDir>
                        <Operation>1</Operation>
                    </Platform>
                </DeployClass>
                <DeployClass Name="Android_NotificationIcon96">
                    <Platform Name="Android">
                        <RemoteDir>res\drawable-xxxhdpi</RemoteDir>
                        <Operation>1</Operation>
                    </Platform>
                    <Platform Name="Android64">
                        <RemoteDir>res\drawable-xxxhdpi</RemoteDir>
                        <Operation>1</Operation>
                    </Platform>
                </DeployClass>
                <DeployClass Name="Android_SplashImage426">
                    <Platform Name="Android">
                        <RemoteDir>res\drawable-small</RemoteDir>
                        <Operation>1</Operation>
                    </Platform>
                    <Platform Name="Android64">
                        <RemoteDir>res\drawable-small</RemoteDir>
                        <Operation>1</Operation>
                    </Platform>
                </DeployClass>
                <DeployClass Name="Android_SplashImage470">
                    <Platform Name="Android">
                        <RemoteDir>res\drawable-normal</RemoteDir>
                        <Operation>1</Operation>
                    </Platform>
                    <Platform Name="Android64">
                        <RemoteDir>res\drawable-normal</RemoteDir>
                        <Operation>1</Operation>
                    </Platform>
                </DeployClass>
                <DeployClass Name="Android_SplashImage640">
                    <Platform Name="Android">
                        <RemoteDir>res\drawable-large</RemoteDir>
                        <Operation>1</Operation>
                    </Platform>
                    <Platform Name="Android64">
                        <RemoteDir>res\drawable-large</RemoteDir>
                        <Operation>1</Operation>
                    </Platform>
                </DeployClass>
                <DeployClass Name="Android_SplashImage960">
                    <Platform Name="Android">
                        <RemoteDir>res\drawable-xlarge</RemoteDir>
                        <Operation>1</Operation>
                    </Platform>
                    <Platform Name="Android64">
                        <RemoteDir>res\drawable-xlarge</RemoteDir>
                        <Operation>1</Operation>
                    </Platform>
                </DeployClass>
                <DeployClass Name="Android_Strings">
                    <Platform Name="Android">
                        <RemoteDir>res\values</RemoteDir>
                        <Operation>1</Operation>
                    </Platform>
                    <Platform Name="Android64">
                        <RemoteDir>res\values</RemoteDir>
                        <Operation>1</Operation>
                    </Platform>
                </DeployClass>
                <DeployClass Name="DebugSymbols">
                    <Platform Name="iOSSimulator">
                        <Operation>1</Operation>
                    </Platform>
                    <Platform Name="OSX32">
                        <Operation>1</Operation>
                    </Platform>
                    <Platform Name="Win32">
                        <Operation>0</Operation>
                    </Platform>
                </DeployClass>
                <DeployClass Name="DependencyFramework">
                    <Platform Name="OSX32">
                        <Operation>1</Operation>
                        <Extensions>.framework</Extensions>
                    </Platform>
                    <Platform Name="OSX64">
                        <Operation>1</Operation>
                        <Extensions>.framework</Extensions>
                    </Platform>
                    <Platform Name="Win32">
                        <Operation>0</Operation>
                    </Platform>
                </DeployClass>
                <DeployClass Name="DependencyModule">
                    <Platform Name="OSX32">
                        <Operation>1</Operation>
                        <Extensions>.dylib</Extensions>
                    </Platform>
                    <Platform Name="OSX64">
                        <Operation>1</Operation>
                        <Extensions>.dylib</Extensions>
                    </Platform>
                    <Platform Name="Win32">
                        <Operation>0</Operation>
                        <Extensions>.dll;.bpl</Extensions>
                    </Platform>
                </DeployClass>
                <DeployClass Required="true" Name="DependencyPackage">
                    <Platform Name="iOSDevice32">
                        <Operation>1</Operation>
                        <Extensions>.dylib</Extensions>
                    </Platform>
                    <Platform Name="iOSDevice64">
                        <Operation>1</Operation>
                        <Extensions>.dylib</Extensions>
                    </Platform>
                    <Platform Name="iOSSimulator">
                        <Operation>1</Operation>
                        <Extensions>.dylib</Extensions>
                    </Platform>
                    <Platform Name="OSX32">
                        <Operation>1</Operation>
                        <Extensions>.dylib</Extensions>
                    </Platform>
                    <Platform Name="OSX64">
                        <Operation>1</Operation>
                        <Extensions>.dylib</Extensions>
                    </Platform>
                    <Platform Name="Win32">
                        <Operation>0</Operation>
                        <Extensions>.bpl</Extensions>
                    </Platform>
                </DeployClass>
                <DeployClass Name="File">
                    <Platform Name="Android">
                        <Operation>0</Operation>
                    </Platform>
                    <Platform Name="Android64">
                        <Operation>0</Operation>
                    </Platform>
                    <Platform Name="iOSDevice32">
                        <Operation>0</Operation>
                    </Platform>
                    <Platform Name="iOSDevice64">
                        <Operation>0</Operation>
                    </Platform>
                    <Platform Name="iOSSimulator">
                        <Operation>0</Operation>
                    </Platform>
                    <Platform Name="OSX32">
                        <Operation>0</Operation>
                    </Platform>
                    <Platform Name="OSX64">
                        <Operation>0</Operation>
                    </Platform>
                    <Platform Name="Win32">
                        <Operation>0</Operation>
                    </Platform>
                </DeployClass>
                <DeployClass Name="iOS_AppStore1024">
                    <Platform Name="iOSDevice64">
                        <RemoteDir>..\$(PROJECTNAME).launchscreen\Assets\AppIcon.appiconset</RemoteDir>
                        <Operation>1</Operation>
                    </Platform>
                </DeployClass>
                <DeployClass Name="iPad_AppIcon152">
                    <Platform Name="iOSDevice64">
                        <RemoteDir>..\$(PROJECTNAME).launchscreen\Assets\AppIcon.appiconset</RemoteDir>
                        <Operation>1</Operation>
                    </Platform>
                    <Platform Name="iOSSimulator">
                        <RemoteDir>..\$(PROJECTNAME).launchscreen\Assets\AppIcon.appiconset</RemoteDir>
                        <Operation>1</Operation>
                    </Platform>
                </DeployClass>
                <DeployClass Name="iPad_AppIcon167">
                    <Platform Name="iOSDevice64">
                        <RemoteDir>..\$(PROJECTNAME).launchscreen\Assets\AppIcon.appiconset</RemoteDir>
                        <Operation>1</Operation>
                    </Platform>
                    <Platform Name="iOSSimulator">
                        <RemoteDir>..\$(PROJECTNAME).launchscreen\Assets\AppIcon.appiconset</RemoteDir>
                        <Operation>1</Operation>
                    </Platform>
                </DeployClass>
                <DeployClass Name="iPad_Launch2x">
                    <Platform Name="iOSDevice64">
                        <RemoteDir>..\$(PROJECTNAME).launchscreen\Assets\LaunchScreenImage.imageset</RemoteDir>
                        <Operation>1</Operation>
                    </Platform>
                    <Platform Name="iOSSimulator">
                        <RemoteDir>..\$(PROJECTNAME).launchscreen\Assets\LaunchScreenImage.imageset</RemoteDir>
                        <Operation>1</Operation>
                    </Platform>
                </DeployClass>
                <DeployClass Name="iPad_LaunchDark2x">
                    <Platform Name="iOSDevice64">
                        <RemoteDir>..\$(PROJECTNAME).launchscreen\Assets\LaunchScreenImage.imageset</RemoteDir>
                        <Operation>1</Operation>
                    </Platform>
                    <Platform Name="iOSSimulator">
                        <RemoteDir>..\$(PROJECTNAME).launchscreen\Assets\LaunchScreenImage.imageset</RemoteDir>
                        <Operation>1</Operation>
                    </Platform>
                </DeployClass>
                <DeployClass Name="iPad_Notification40">
                    <Platform Name="iOSDevice64">
                        <RemoteDir>..\$(PROJECTNAME).launchscreen\Assets\AppIcon.appiconset</RemoteDir>
                        <Operation>1</Operation>
                    </Platform>
                    <Platform Name="iOSSimulator">
                        <RemoteDir>..\$(PROJECTNAME).launchscreen\Assets\AppIcon.appiconset</RemoteDir>
                        <Operation>1</Operation>
                    </Platform>
                </DeployClass>
                <DeployClass Name="iPad_Setting58">
                    <Platform Name="iOSDevice64">
                        <RemoteDir>..\$(PROJECTNAME).launchscreen\Assets\AppIcon.appiconset</RemoteDir>
                        <Operation>1</Operation>
                    </Platform>
                    <Platform Name="iOSSimulator">
                        <RemoteDir>..\$(PROJECTNAME).launchscreen\Assets\AppIcon.appiconset</RemoteDir>
                        <Operation>1</Operation>
                    </Platform>
                </DeployClass>
                <DeployClass Name="iPad_SpotLight80">
                    <Platform Name="iOSDevice64">
                        <RemoteDir>..\$(PROJECTNAME).launchscreen\Assets\AppIcon.appiconset</RemoteDir>
                        <Operation>1</Operation>
                    </Platform>
                    <Platform Name="iOSSimulator">
                        <RemoteDir>..\$(PROJECTNAME).launchscreen\Assets\AppIcon.appiconset</RemoteDir>
                        <Operation>1</Operation>
                    </Platform>
                </DeployClass>
                <DeployClass Name="iPhone_AppIcon120">
                    <Platform Name="iOSDevice64">
                        <RemoteDir>..\$(PROJECTNAME).launchscreen\Assets\AppIcon.appiconset</RemoteDir>
                        <Operation>1</Operation>
                    </Platform>
                    <Platform Name="iOSSimulator">
                        <RemoteDir>..\$(PROJECTNAME).launchscreen\Assets\AppIcon.appiconset</RemoteDir>
                        <Operation>1</Operation>
                    </Platform>
                </DeployClass>
                <DeployClass Name="iPhone_AppIcon180">
                    <Platform Name="iOSDevice64">
                        <RemoteDir>..\$(PROJECTNAME).launchscreen\Assets\AppIcon.appiconset</RemoteDir>
                        <Operation>1</Operation>
                    </Platform>
                    <Platform Name="iOSSimulator">
                        <RemoteDir>..\$(PROJECTNAME).launchscreen\Assets\AppIcon.appiconset</RemoteDir>
                        <Operation>1</Operation>
                    </Platform>
                </DeployClass>
                <DeployClass Name="iPhone_Launch2x">
                    <Platform Name="iOSDevice64">
                        <RemoteDir>..\$(PROJECTNAME).launchscreen\Assets\LaunchScreenImage.imageset</RemoteDir>
                        <Operation>1</Operation>
                    </Platform>
                    <Platform Name="iOSSimulator">
                        <RemoteDir>..\$(PROJECTNAME).launchscreen\Assets\LaunchScreenImage.imageset</RemoteDir>
                        <Operation>1</Operation>
                    </Platform>
                </DeployClass>
                <DeployClass Name="iPhone_Launch3x">
                    <Platform Name="iOSDevice64">
                        <RemoteDir>..\$(PROJECTNAME).launchscreen\Assets\LaunchScreenImage.imageset</RemoteDir>
                        <Operation>1</Operation>
                    </Platform>
                    <Platform Name="iOSSimulator">
                        <RemoteDir>..\$(PROJECTNAME).launchscreen\Assets\LaunchScreenImage.imageset</RemoteDir>
                        <Operation>1</Operation>
                    </Platform>
                </DeployClass>
                <DeployClass Name="iPhone_LaunchDark2x">
                    <Platform Name="iOSDevice64">
                        <RemoteDir>..\$(PROJECTNAME).launchscreen\Assets\LaunchScreenImage.imageset</RemoteDir>
                        <Operation>1</Operation>
                    </Platform>
                    <Platform Name="iOSSimulator">
                        <RemoteDir>..\$(PROJECTNAME).launchscreen\Assets\LaunchScreenImage.imageset</RemoteDir>
                        <Operation>1</Operation>
                    </Platform>
                </DeployClass>
                <DeployClass Name="iPhone_LaunchDark3x">
                    <Platform Name="iOSDevice64">
                        <RemoteDir>..\$(PROJECTNAME).launchscreen\Assets\LaunchScreenImage.imageset</RemoteDir>
                        <Operation>1</Operation>
                    </Platform>
                    <Platform Name="iOSSimulator">
                        <RemoteDir>..\$(PROJECTNAME).launchscreen\Assets\LaunchScreenImage.imageset</RemoteDir>
                        <Operation>1</Operation>
                    </Platform>
                </DeployClass>
                <DeployClass Name="iPhone_Notification40">
                    <Platform Name="iOSDevice64">
                        <RemoteDir>..\$(PROJECTNAME).launchscreen\Assets\AppIcon.appiconset</RemoteDir>
                        <Operation>1</Operation>
                    </Platform>
                    <Platform Name="iOSSimulator">
                        <RemoteDir>..\$(PROJECTNAME).launchscreen\Assets\AppIcon.appiconset</RemoteDir>
                        <Operation>1</Operation>
                    </Platform>
                </DeployClass>
                <DeployClass Name="iPhone_Notification60">
                    <Platform Name="iOSDevice64">
                        <RemoteDir>..\$(PROJECTNAME).launchscreen\Assets\AppIcon.appiconset</RemoteDir>
                        <Operation>1</Operation>
                    </Platform>
                    <Platform Name="iOSSimulator">
                        <RemoteDir>..\$(PROJECTNAME).launchscreen\Assets\AppIcon.appiconset</RemoteDir>
                        <Operation>1</Operation>
                    </Platform>
                </DeployClass>
                <DeployClass Name="iPhone_Setting58">
                    <Platform Name="iOSDevice64">
                        <RemoteDir>..\$(PROJECTNAME).launchscreen\Assets\AppIcon.appiconset</RemoteDir>
                        <Operation>1</Operation>
                    </Platform>
                    <Platform Name="iOSSimulator">
                        <RemoteDir>..\$(PROJECTNAME).launchscreen\Assets\AppIcon.appiconset</RemoteDir>
                        <Operation>1</Operation>
                    </Platform>
                </DeployClass>
                <DeployClass Name="iPhone_Setting87">
                    <Platform Name="iOSDevice64">
                        <RemoteDir>..\$(PROJECTNAME).launchscreen\Assets\AppIcon.appiconset</RemoteDir>
                        <Operation>1</Operation>
                    </Platform>
                    <Platform Name="iOSSimulator">
                        <RemoteDir>..\$(PROJECTNAME).launchscreen\Assets\AppIcon.appiconset</RemoteDir>
                        <Operation>1</Operation>
                    </Platform>
                </DeployClass>
                <DeployClass Name="iPhone_Spotlight120">
                    <Platform Name="iOSDevice64">
                        <RemoteDir>..\$(PROJECTNAME).launchscreen\Assets\AppIcon.appiconset</RemoteDir>
                        <Operation>1</Operation>
                    </Platform>
                    <Platform Name="iOSSimulator">
                        <RemoteDir>..\$(PROJECTNAME).launchscreen\Assets\AppIcon.appiconset</RemoteDir>
                        <Operation>1</Operation>
                    </Platform>
                </DeployClass>
                <DeployClass Name="iPhone_Spotlight80">
                    <Platform Name="iOSDevice64">
                        <RemoteDir>..\$(PROJECTNAME).launchscreen\Assets\AppIcon.appiconset</RemoteDir>
                        <Operation>1</Operation>
                    </Platform>
                    <Platform Name="iOSSimulator">
                        <RemoteDir>..\$(PROJECTNAME).launchscreen\Assets\AppIcon.appiconset</RemoteDir>
                        <Operation>1</Operation>
                    </Platform>
                </DeployClass>
                <DeployClass Name="ProjectAndroidManifest">
                    <Platform Name="Android">
                        <Operation>1</Operation>
                    </Platform>
                    <Platform Name="Android64">
                        <Operation>1</Operation>
                    </Platform>
                </DeployClass>
                <DeployClass Name="ProjectiOSDeviceDebug">
                    <Platform Name="iOSDevice32">
                        <RemoteDir>..\$(PROJECTNAME).app.dSYM\Contents\Resources\DWARF</RemoteDir>
                        <Operation>1</Operation>
                    </Platform>
                    <Platform Name="iOSDevice64">
                        <RemoteDir>..\$(PROJECTNAME).app.dSYM\Contents\Resources\DWARF</RemoteDir>
                        <Operation>1</Operation>
                    </Platform>
                </DeployClass>
                <DeployClass Name="ProjectiOSEntitlements"/>
                <DeployClass Name="ProjectiOSInfoPList"/>
                <DeployClass Name="ProjectiOSLaunchScreen"/>
                <DeployClass Name="ProjectiOSResource">
                    <Platform Name="iOSDevice32">
                        <Operation>1</Operation>
                    </Platform>
                    <Platform Name="iOSDevice64">
                        <Operation>1</Operation>
                    </Platform>
                    <Platform Name="iOSSimulator">
                        <Operation>1</Operation>
                    </Platform>
                </DeployClass>
                <DeployClass Name="ProjectOSXDebug"/>
                <DeployClass Name="ProjectOSXEntitlements"/>
                <DeployClass Name="ProjectOSXInfoPList"/>
                <DeployClass Name="ProjectOSXResource">
                    <Platform Name="OSX32">
                        <RemoteDir>Contents\Resources</RemoteDir>
                        <Operation>1</Operation>
                    </Platform>
                    <Platform Name="OSX64">
                        <RemoteDir>Contents\Resources</RemoteDir>
                        <Operation>1</Operation>
                    </Platform>
                </DeployClass>
                <DeployClass Required="true" Name="ProjectOutput">
                    <Platform Name="Android">
                        <RemoteDir>library\lib\armeabi-v7a</RemoteDir>
                        <Operation>1</Operation>
                    </Platform>
                    <Platform Name="Android64">
                        <RemoteDir>library\lib\arm64-v8a</RemoteDir>
                        <Operation>1</Operation>
                    </Platform>
                    <Platform Name="iOSDevice32">
                        <Operation>1</Operation>
                    </Platform>
                    <Platform Name="iOSDevice64">
                        <Operation>1</Operation>
                    </Platform>
                    <Platform Name="iOSSimulator">
                        <Operation>1</Operation>
                    </Platform>
                    <Platform Name="Linux64">
                        <Operation>1</Operation>
                    </Platform>
                    <Platform Name="OSX32">
                        <Operation>1</Operation>
                    </Platform>
                    <Platform Name="OSX64">
                        <Operation>1</Operation>
                    </Platform>
                    <Platform Name="Win32">
                        <Operation>0</Operation>
                    </Platform>
                </DeployClass>
                <DeployClass Name="ProjectOutput_Android32">
                    <Platform Name="Android64">
                        <RemoteDir>library\lib\armeabi-v7a</RemoteDir>
                        <Operation>1</Operation>
                    </Platform>
                </DeployClass>
                <DeployClass Name="ProjectUWPManifest">
                    <Platform Name="Win32">
                        <Operation>1</Operation>
                    </Platform>
                    <Platform Name="Win64">
                        <Operation>1</Operation>
                    </Platform>
                </DeployClass>
                <DeployClass Name="UWP_DelphiLogo150">
                    <Platform Name="Win32">
                        <RemoteDir>Assets</RemoteDir>
                        <Operation>1</Operation>
                    </Platform>
                    <Platform Name="Win64">
                        <RemoteDir>Assets</RemoteDir>
                        <Operation>1</Operation>
                    </Platform>
                </DeployClass>
                <DeployClass Name="UWP_DelphiLogo44">
                    <Platform Name="Win32">
                        <RemoteDir>Assets</RemoteDir>
                        <Operation>1</Operation>
                    </Platform>
                    <Platform Name="Win64">
                        <RemoteDir>Assets</RemoteDir>
                        <Operation>1</Operation>
                    </Platform>
                </DeployClass>
                <ProjectRoot Platform="iOSDevice64" Name="$(PROJECTNAME).app"/>
                <ProjectRoot Platform="Win64" Name="$(PROJECTNAME)"/>
                <ProjectRoot Platform="iOSDevice32" Name="$(PROJECTNAME).app"/>
                <ProjectRoot Platform="Linux64" Name="$(PROJECTNAME)"/>
                <ProjectRoot Platform="Win32" Name="$(PROJECTNAME)"/>
                <ProjectRoot Platform="OSX32" Name="$(PROJECTNAME)"/>
                <ProjectRoot Platform="Android" Name="$(PROJECTNAME)"/>
                <ProjectRoot Platform="OSX64" Name="$(PROJECTNAME)"/>
                <ProjectRoot Platform="iOSSimulator" Name="$(PROJECTNAME).app"/>
                <ProjectRoot Platform="Android64" Name="$(PROJECTNAME)"/>
            </Deployment>
            <Platforms>
                <Platform value="Win32">True</Platform>
                <Platform value="Win64">True</Platform>
            </Platforms>
        </BorlandProject>
        <ProjectFileVersion>12</ProjectFileVersion>
    </ProjectExtensions>
    <Import Project="$(BDS)\Bin\CodeGear.Delphi.Targets" Condition="Exists('$(BDS)\Bin\CodeGear.Delphi.Targets')"/>
    <Import Project="$(APPDATA)\Embarcadero\$(BDSAPPDATABASEDIR)\$(PRODUCTVERSION)\UserTools.proj" Condition="Exists('$(APPDATA)\Embarcadero\$(BDSAPPDATABASEDIR)\$(PRODUCTVERSION)\UserTools.proj')"/>
    <Import Project="$(MSBuildProjectName).deployproj" Condition="Exists('$(MSBuildProjectName).deployproj')"/>
</Project>
